// !$*UTF8*$!
{
	archiveVersion = 1;
	classes = {
	};
	objectVersion = 56;
	objects = {

/* Begin PBXBuildFile section */
		7F1AA9C02A4A1C0D0005A40E /* Fetch_iOS_Coding_ChallengeApp.swift in Sources */ = {isa = PBXBuildFile; fileRef = 7F1AA9BF2A4A1C0D0005A40E /* Fetch_iOS_Coding_ChallengeApp.swift */; };
		7F1AA9C22A4A1C0D0005A40E /* ContentView.swift in Sources */ = {isa = PBXBuildFile; fileRef = 7F1AA9C12A4A1C0D0005A40E /* ContentView.swift */; };
		7F1AA9C42A4A1C110005A40E /* Assets.xcassets in Resources */ = {isa = PBXBuildFile; fileRef = 7F1AA9C32A4A1C110005A40E /* Assets.xcassets */; };
		7F1AA9C72A4A1C110005A40E /* Preview Assets.xcassets in Resources */ = {isa = PBXBuildFile; fileRef = 7F1AA9C62A4A1C110005A40E /* Preview Assets.xcassets */; };
		7F1AA9D12A4A1C110005A40E /* Fetch_iOS_Coding_ChallengeTests.swift in Sources */ = {isa = PBXBuildFile; fileRef = 7F1AA9D02A4A1C110005A40E /* Fetch_iOS_Coding_ChallengeTests.swift */; };
		7F1AA9DB2A4A1C110005A40E /* Fetch_iOS_Coding_ChallengeUITests.swift in Sources */ = {isa = PBXBuildFile; fileRef = 7F1AA9DA2A4A1C110005A40E /* Fetch_iOS_Coding_ChallengeUITests.swift */; };
		7F1AA9DD2A4A1C110005A40E /* Fetch_iOS_Coding_ChallengeUITestsLaunchTests.swift in Sources */ = {isa = PBXBuildFile; fileRef = 7F1AA9DC2A4A1C110005A40E /* Fetch_iOS_Coding_ChallengeUITestsLaunchTests.swift */; };
/* End PBXBuildFile section */

/* Begin PBXContainerItemProxy section */
		7F1AA9CD2A4A1C110005A40E /* PBXContainerItemProxy */ = {
			isa = PBXContainerItemProxy;
			containerPortal = 7F1AA9B42A4A1C0D0005A40E /* Project object */;
			proxyType = 1;
			remoteGlobalIDString = 7F1AA9BB2A4A1C0D0005A40E;
			remoteInfo = "Fetch-iOS Coding Challenge";
		};
		7F1AA9D72A4A1C110005A40E /* PBXContainerItemProxy */ = {
			isa = PBXContainerItemProxy;
			containerPortal = 7F1AA9B42A4A1C0D0005A40E /* Project object */;
			proxyType = 1;
			remoteGlobalIDString = 7F1AA9BB2A4A1C0D0005A40E;
			remoteInfo = "Fetch-iOS Coding Challenge";
		};
/* End PBXContainerItemProxy section */

/* Begin PBXFileReference section */
		7F1AA9BC2A4A1C0D0005A40E /* Fetch-iOS Coding Challenge.app */ = {isa = PBXFileReference; explicitFileType = wrapper.application; includeInIndex = 0; path = "Fetch-iOS Coding Challenge.app"; sourceTree = BUILT_PRODUCTS_DIR; };
		7F1AA9BF2A4A1C0D0005A40E /* Fetch_iOS_Coding_ChallengeApp.swift */ = {isa = PBXFileReference; lastKnownFileType = sourcecode.swift; path = Fetch_iOS_Coding_ChallengeApp.swift; sourceTree = "<group>"; };
		7F1AA9C12A4A1C0D0005A40E /* ContentView.swift */ = {isa = PBXFileReference; lastKnownFileType = sourcecode.swift; path = ContentView.swift; sourceTree = "<group>"; };
		7F1AA9C32A4A1C110005A40E /* Assets.xcassets */ = {isa = PBXFileReference; lastKnownFileType = folder.assetcatalog; path = Assets.xcassets; sourceTree = "<group>"; };
		7F1AA9C62A4A1C110005A40E /* Preview Assets.xcassets */ = {isa = PBXFileReference; lastKnownFileType = folder.assetcatalog; path = "Preview Assets.xcassets"; sourceTree = "<group>"; };
		7F1AA9CC2A4A1C110005A40E /* Fetch-iOS Coding ChallengeTests.xctest */ = {isa = PBXFileReference; explicitFileType = wrapper.cfbundle; includeInIndex = 0; path = "Fetch-iOS Coding ChallengeTests.xctest"; sourceTree = BUILT_PRODUCTS_DIR; };
		7F1AA9D02A4A1C110005A40E /* Fetch_iOS_Coding_ChallengeTests.swift */ = {isa = PBXFileReference; lastKnownFileType = sourcecode.swift; path = Fetch_iOS_Coding_ChallengeTests.swift; sourceTree = "<group>"; };
		7F1AA9D62A4A1C110005A40E /* Fetch-iOS Coding ChallengeUITests.xctest */ = {isa = PBXFileReference; explicitFileType = wrapper.cfbundle; includeInIndex = 0; path = "Fetch-iOS Coding ChallengeUITests.xctest"; sourceTree = BUILT_PRODUCTS_DIR; };
		7F1AA9DA2A4A1C110005A40E /* Fetch_iOS_Coding_ChallengeUITests.swift */ = {isa = PBXFileReference; lastKnownFileType = sourcecode.swift; path = Fetch_iOS_Coding_ChallengeUITests.swift; sourceTree = "<group>"; };
		7F1AA9DC2A4A1C110005A40E /* Fetch_iOS_Coding_ChallengeUITestsLaunchTests.swift */ = {isa = PBXFileReference; lastKnownFileType = sourcecode.swift; path = Fetch_iOS_Coding_ChallengeUITestsLaunchTests.swift; sourceTree = "<group>"; };
/* End PBXFileReference section */

/* Begin PBXFrameworksBuildPhase section */
		7F1AA9B92A4A1C0D0005A40E /* Frameworks */ = {
			isa = PBXFrameworksBuildPhase;
			buildActionMask = 2147483647;
			files = (
			);
			runOnlyForDeploymentPostprocessing = 0;
		};
		7F1AA9C92A4A1C110005A40E /* Frameworks */ = {
			isa = PBXFrameworksBuildPhase;
			buildActionMask = 2147483647;
			files = (
			);
			runOnlyForDeploymentPostprocessing = 0;
		};
		7F1AA9D32A4A1C110005A40E /* Frameworks */ = {
			isa = PBXFrameworksBuildPhase;
			buildActionMask = 2147483647;
			files = (
			);
			runOnlyForDeploymentPostprocessing = 0;
		};
/* End PBXFrameworksBuildPhase section */

/* Begin PBXGroup section */
		7F1AA9B32A4A1C0D0005A40E = {
			isa = PBXGroup;
			children = (
				7F1AA9BE2A4A1C0D0005A40E /* Fetch-iOS Coding Challenge */,
				7F1AA9CF2A4A1C110005A40E /* Fetch-iOS Coding ChallengeTests */,
				7F1AA9D92A4A1C110005A40E /* Fetch-iOS Coding ChallengeUITests */,
				7F1AA9BD2A4A1C0D0005A40E /* Products */,
			);
			sourceTree = "<group>";
		};
		7F1AA9BD2A4A1C0D0005A40E /* Products */ = {
			isa = PBXGroup;
			children = (
				7F1AA9BC2A4A1C0D0005A40E /* Fetch-iOS Coding Challenge.app */,
				7F1AA9CC2A4A1C110005A40E /* Fetch-iOS Coding ChallengeTests.xctest */,
				7F1AA9D62A4A1C110005A40E /* Fetch-iOS Coding ChallengeUITests.xctest */,
			);
			name = Products;
			sourceTree = "<group>";
		};
		7F1AA9BE2A4A1C0D0005A40E /* Fetch-iOS Coding Challenge */ = {
			isa = PBXGroup;
			children = (
				7F1AA9BF2A4A1C0D0005A40E /* Fetch_iOS_Coding_ChallengeApp.swift */,
				7F1AA9C12A4A1C0D0005A40E /* ContentView.swift */,
				7F1AA9C32A4A1C110005A40E /* Assets.xcassets */,
				7F1AA9C52A4A1C110005A40E /* Preview Content */,
			);
			path = "Fetch-iOS Coding Challenge";
			sourceTree = "<group>";
		};
		7F1AA9C52A4A1C110005A40E /* Preview Content */ = {
			isa = PBXGroup;
			children = (
				7F1AA9C62A4A1C110005A40E /* Preview Assets.xcassets */,
			);
			path = "Preview Content";
			sourceTree = "<group>";
		};
		7F1AA9CF2A4A1C110005A40E /* Fetch-iOS Coding ChallengeTests */ = {
			isa = PBXGroup;
			children = (
				7F1AA9D02A4A1C110005A40E /* Fetch_iOS_Coding_ChallengeTests.swift */,
			);
			path = "Fetch-iOS Coding ChallengeTests";
			sourceTree = "<group>";
		};
		7F1AA9D92A4A1C110005A40E /* Fetch-iOS Coding ChallengeUITests */ = {
			isa = PBXGroup;
			children = (
				7F1AA9DA2A4A1C110005A40E /* Fetch_iOS_Coding_ChallengeUITests.swift */,
				7F1AA9DC2A4A1C110005A40E /* Fetch_iOS_Coding_ChallengeUITestsLaunchTests.swift */,
			);
			path = "Fetch-iOS Coding ChallengeUITests";
			sourceTree = "<group>";
		};
/* End PBXGroup section */

/* Begin PBXNativeTarget section */
		7F1AA9BB2A4A1C0D0005A40E /* Fetch-iOS Coding Challenge */ = {
			isa = PBXNativeTarget;
			buildConfigurationList = 7F1AA9E02A4A1C110005A40E /* Build configuration list for PBXNativeTarget "Fetch-iOS Coding Challenge" */;
			buildPhases = (
				7F1AA9B82A4A1C0D0005A40E /* Sources */,
				7F1AA9B92A4A1C0D0005A40E /* Frameworks */,
				7F1AA9BA2A4A1C0D0005A40E /* Resources */,
			);
			buildRules = (
			);
			dependencies = (
			);
			name = "Fetch-iOS Coding Challenge";
			productName = "Fetch-iOS Coding Challenge";
			productReference = 7F1AA9BC2A4A1C0D0005A40E /* Fetch-iOS Coding Challenge.app */;
			productType = "com.apple.product-type.application";
		};
		7F1AA9CB2A4A1C110005A40E /* Fetch-iOS Coding ChallengeTests */ = {
			isa = PBXNativeTarget;
			buildConfigurationList = 7F1AA9E32A4A1C110005A40E /* Build configuration list for PBXNativeTarget "Fetch-iOS Coding ChallengeTests" */;
			buildPhases = (
				7F1AA9C82A4A1C110005A40E /* Sources */,
				7F1AA9C92A4A1C110005A40E /* Frameworks */,
				7F1AA9CA2A4A1C110005A40E /* Resources */,
			);
			buildRules = (
			);
			dependencies = (
				7F1AA9CE2A4A1C110005A40E /* PBXTargetDependency */,
			);
			name = "Fetch-iOS Coding ChallengeTests";
			productName = "Fetch-iOS Coding ChallengeTests";
			productReference = 7F1AA9CC2A4A1C110005A40E /* Fetch-iOS Coding ChallengeTests.xctest */;
			productType = "com.apple.product-type.bundle.unit-test";
		};
		7F1AA9D52A4A1C110005A40E /* Fetch-iOS Coding ChallengeUITests */ = {
			isa = PBXNativeTarget;
			buildConfigurationList = 7F1AA9E62A4A1C110005A40E /* Build configuration list for PBXNativeTarget "Fetch-iOS Coding ChallengeUITests" */;
			buildPhases = (
				7F1AA9D22A4A1C110005A40E /* Sources */,
				7F1AA9D32A4A1C110005A40E /* Frameworks */,
				7F1AA9D42A4A1C110005A40E /* Resources */,
			);
			buildRules = (
			);
			dependencies = (
				7F1AA9D82A4A1C110005A40E /* PBXTargetDependency */,
			);
			name = "Fetch-iOS Coding ChallengeUITests";
			productName = "Fetch-iOS Coding ChallengeUITests";
			productReference = 7F1AA9D62A4A1C110005A40E /* Fetch-iOS Coding ChallengeUITests.xctest */;
			productType = "com.apple.product-type.bundle.ui-testing";
		};
/* End PBXNativeTarget section */

/* Begin PBXProject section */
		7F1AA9B42A4A1C0D0005A40E /* Project object */ = {
			isa = PBXProject;
			attributes = {
				BuildIndependentTargetsInParallel = 1;
				LastSwiftUpdateCheck = 1420;
				LastUpgradeCheck = 1420;
				TargetAttributes = {
					7F1AA9BB2A4A1C0D0005A40E = {
						CreatedOnToolsVersion = 14.2;
					};
					7F1AA9CB2A4A1C110005A40E = {
						CreatedOnToolsVersion = 14.2;
						TestTargetID = 7F1AA9BB2A4A1C0D0005A40E;
					};
					7F1AA9D52A4A1C110005A40E = {
						CreatedOnToolsVersion = 14.2;
						TestTargetID = 7F1AA9BB2A4A1C0D0005A40E;
					};
				};
			};
			buildConfigurationList = 7F1AA9B72A4A1C0D0005A40E /* Build configuration list for PBXProject "Fetch-iOS Coding Challenge" */;
			compatibilityVersion = "Xcode 14.0";
			developmentRegion = en;
			hasScannedForEncodings = 0;
			knownRegions = (
				en,
				Base,
			);
			mainGroup = 7F1AA9B32A4A1C0D0005A40E;
			productRefGroup = 7F1AA9BD2A4A1C0D0005A40E /* Products */;
			projectDirPath = "";
			projectRoot = "";
			targets = (
				7F1AA9BB2A4A1C0D0005A40E /* Fetch-iOS Coding Challenge */,
				7F1AA9CB2A4A1C110005A40E /* Fetch-iOS Coding ChallengeTests */,
				7F1AA9D52A4A1C110005A40E /* Fetch-iOS Coding ChallengeUITests */,
			);
		};
/* End PBXProject section */

/* Begin PBXResourcesBuildPhase section */
		7F1AA9BA2A4A1C0D0005A40E /* Resources */ = {
			isa = PBXResourcesBuildPhase;
			buildActionMask = 2147483647;
			files = (
				7F1AA9C72A4A1C110005A40E /* Preview Assets.xcassets in Resources */,
				7F1AA9C42A4A1C110005A40E /* Assets.xcassets in Resources */,
			);
			runOnlyForDeploymentPostprocessing = 0;
		};
		7F1AA9CA2A4A1C110005A40E /* Resources */ = {
			isa = PBXResourcesBuildPhase;
			buildActionMask = 2147483647;
			files = (
			);
			runOnlyForDeploymentPostprocessing = 0;
		};
		7F1AA9D42A4A1C110005A40E /* Resources */ = {
			isa = PBXResourcesBuildPhase;
			buildActionMask = 2147483647;
			files = (
			);
			runOnlyForDeploymentPostprocessing = 0;
		};
/* End PBXResourcesBuildPhase section */

/* Begin PBXSourcesBuildPhase section */
		7F1AA9B82A4A1C0D0005A40E /* Sources */ = {
			isa = PBXSourcesBuildPhase;
			buildActionMask = 2147483647;
			files = (
				7F1AA9C22A4A1C0D0005A40E /* ContentView.swift in Sources */,
				7F1AA9C02A4A1C0D0005A40E /* Fetch_iOS_Coding_ChallengeApp.swift in Sources */,
			);
			runOnlyForDeploymentPostprocessing = 0;
		};
		7F1AA9C82A4A1C110005A40E /* Sources */ = {
			isa = PBXSourcesBuildPhase;
			buildActionMask = 2147483647;
			files = (
				7F1AA9D12A4A1C110005A40E /* Fetch_iOS_Coding_ChallengeTests.swift in Sources */,
			);
			runOnlyForDeploymentPostprocessing = 0;
		};
		7F1AA9D22A4A1C110005A40E /* Sources */ = {
			isa = PBXSourcesBuildPhase;
			buildActionMask = 2147483647;
			files = (
				7F1AA9DB2A4A1C110005A40E /* Fetch_iOS_Coding_ChallengeUITests.swift in Sources */,
				7F1AA9DD2A4A1C110005A40E /* Fetch_iOS_Coding_ChallengeUITestsLaunchTests.swift in Sources */,
			);
			runOnlyForDeploymentPostprocessing = 0;
		};
/* End PBXSourcesBuildPhase section */

/* Begin PBXTargetDependency section */
		7F1AA9CE2A4A1C110005A40E /* PBXTargetDependency */ = {
			isa = PBXTargetDependency;
			target = 7F1AA9BB2A4A1C0D0005A40E /* Fetch-iOS Coding Challenge */;
			targetProxy = 7F1AA9CD2A4A1C110005A40E /* PBXContainerItemProxy */;
		};
		7F1AA9D82A4A1C110005A40E /* PBXTargetDependency */ = {
			isa = PBXTargetDependency;
			target = 7F1AA9BB2A4A1C0D0005A40E /* Fetch-iOS Coding Challenge */;
			targetProxy = 7F1AA9D72A4A1C110005A40E /* PBXContainerItemProxy */;
		};
/* End PBXTargetDependency section */

/* Begin XCBuildConfiguration section */
		7F1AA9DE2A4A1C110005A40E /* Debug */ = {
			isa = XCBuildConfiguration;
			buildSettings = {
				ALWAYS_SEARCH_USER_PATHS = NO;
				CLANG_ANALYZER_NONNULL = YES;
				CLANG_ANALYZER_NUMBER_OBJECT_CONVERSION = YES_AGGRESSIVE;
				CLANG_CXX_LANGUAGE_STANDARD = "gnu++20";
				CLANG_ENABLE_MODULES = YES;
				CLANG_ENABLE_OBJC_ARC = YES;
				CLANG_ENABLE_OBJC_WEAK = YES;
				CLANG_WARN_BLOCK_CAPTURE_AUTORELEASING = YES;
				CLANG_WARN_BOOL_CONVERSION = YES;
				CLANG_WARN_COMMA = YES;
				CLANG_WARN_CONSTANT_CONVERSION = YES;
				CLANG_WARN_DEPRECATED_OBJC_IMPLEMENTATIONS = YES;
				CLANG_WARN_DIRECT_OBJC_ISA_USAGE = YES_ERROR;
				CLANG_WARN_DOCUMENTATION_COMMENTS = YES;
				CLANG_WARN_EMPTY_BODY = YES;
				CLANG_WARN_ENUM_CONVERSION = YES;
				CLANG_WARN_INFINITE_RECURSION = YES;
				CLANG_WARN_INT_CONVERSION = YES;
				CLANG_WARN_NON_LITERAL_NULL_CONVERSION = YES;
				CLANG_WARN_OBJC_IMPLICIT_RETAIN_SELF = YES;
				CLANG_WARN_OBJC_LITERAL_CONVERSION = YES;
				CLANG_WARN_OBJC_ROOT_CLASS = YES_ERROR;
				CLANG_WARN_QUOTED_INCLUDE_IN_FRAMEWORK_HEADER = YES;
				CLANG_WARN_RANGE_LOOP_ANALYSIS = YES;
				CLANG_WARN_STRICT_PROTOTYPES = YES;
				CLANG_WARN_SUSPICIOUS_MOVE = YES;
				CLANG_WARN_UNGUARDED_AVAILABILITY = YES_AGGRESSIVE;
				CLANG_WARN_UNREACHABLE_CODE = YES;
				CLANG_WARN__DUPLICATE_METHOD_MATCH = YES;
				COPY_PHASE_STRIP = NO;
				DEBUG_INFORMATION_FORMAT = dwarf;
				ENABLE_STRICT_OBJC_MSGSEND = YES;
				ENABLE_TESTABILITY = YES;
				GCC_C_LANGUAGE_STANDARD = gnu11;
				GCC_DYNAMIC_NO_PIC = NO;
				GCC_NO_COMMON_BLOCKS = YES;
				GCC_OPTIMIZATION_LEVEL = 0;
				GCC_PREPROCESSOR_DEFINITIONS = (
					"DEBUG=1",
					"$(inherited)",
				);
				GCC_WARN_64_TO_32_BIT_CONVERSION = YES;
				GCC_WARN_ABOUT_RETURN_TYPE = YES_ERROR;
				GCC_WARN_UNDECLARED_SELECTOR = YES;
				GCC_WARN_UNINITIALIZED_AUTOS = YES_AGGRESSIVE;
				GCC_WARN_UNUSED_FUNCTION = YES;
				GCC_WARN_UNUSED_VARIABLE = YES;
				IPHONEOS_DEPLOYMENT_TARGET = 16.2;
				MTL_ENABLE_DEBUG_INFO = INCLUDE_SOURCE;
				MTL_FAST_MATH = YES;
				ONLY_ACTIVE_ARCH = YES;
				SDKROOT = iphoneos;
				SWIFT_ACTIVE_COMPILATION_CONDITIONS = DEBUG;
				SWIFT_OPTIMIZATION_LEVEL = "-Onone";
			};
			name = Debug;
		};
		7F1AA9DF2A4A1C110005A40E /* Release */ = {
			isa = XCBuildConfiguration;
			buildSettings = {
				ALWAYS_SEARCH_USER_PATHS = NO;
				CLANG_ANALYZER_NONNULL = YES;
				CLANG_ANALYZER_NUMBER_OBJECT_CONVERSION = YES_AGGRESSIVE;
				CLANG_CXX_LANGUAGE_STANDARD = "gnu++20";
				CLANG_ENABLE_MODULES = YES;
				CLANG_ENABLE_OBJC_ARC = YES;
				CLANG_ENABLE_OBJC_WEAK = YES;
				CLANG_WARN_BLOCK_CAPTURE_AUTORELEASING = YES;
				CLANG_WARN_BOOL_CONVERSION = YES;
				CLANG_WARN_COMMA = YES;
				CLANG_WARN_CONSTANT_CONVERSION = YES;
				CLANG_WARN_DEPRECATED_OBJC_IMPLEMENTATIONS = YES;
				CLANG_WARN_DIRECT_OBJC_ISA_USAGE = YES_ERROR;
				CLANG_WARN_DOCUMENTATION_COMMENTS = YES;
				CLANG_WARN_EMPTY_BODY = YES;
				CLANG_WARN_ENUM_CONVERSION = YES;
				CLANG_WARN_INFINITE_RECURSION = YES;
				CLANG_WARN_INT_CONVERSION = YES;
				CLANG_WARN_NON_LITERAL_NULL_CONVERSION = YES;
				CLANG_WARN_OBJC_IMPLICIT_RETAIN_SELF = YES;
				CLANG_WARN_OBJC_LITERAL_CONVERSION = YES;
				CLANG_WARN_OBJC_ROOT_CLASS = YES_ERROR;
				CLANG_WARN_QUOTED_INCLUDE_IN_FRAMEWORK_HEADER = YES;
				CLANG_WARN_RANGE_LOOP_ANALYSIS = YES;
				CLANG_WARN_STRICT_PROTOTYPES = YES;
				CLANG_WARN_SUSPICIOUS_MOVE = YES;
				CLANG_WARN_UNGUARDED_AVAILABILITY = YES_AGGRESSIVE;
				CLANG_WARN_UNREACHABLE_CODE = YES;
				CLANG_WARN__DUPLICATE_METHOD_MATCH = YES;
				COPY_PHASE_STRIP = NO;
				DEBUG_INFORMATION_FORMAT = "dwarf-with-dsym";
				ENABLE_NS_ASSERTIONS = NO;
				ENABLE_STRICT_OBJC_MSGSEND = YES;
				GCC_C_LANGUAGE_STANDARD = gnu11;
				GCC_NO_COMMON_BLOCKS = YES;
				GCC_WARN_64_TO_32_BIT_CONVERSION = YES;
				GCC_WARN_ABOUT_RETURN_TYPE = YES_ERROR;
				GCC_WARN_UNDECLARED_SELECTOR = YES;
				GCC_WARN_UNINITIALIZED_AUTOS = YES_AGGRESSIVE;
				GCC_WARN_UNUSED_FUNCTION = YES;
				GCC_WARN_UNUSED_VARIABLE = YES;
				IPHONEOS_DEPLOYMENT_TARGET = 16.2;
				MTL_ENABLE_DEBUG_INFO = NO;
				MTL_FAST_MATH = YES;
				SDKROOT = iphoneos;
				SWIFT_COMPILATION_MODE = wholemodule;
				SWIFT_OPTIMIZATION_LEVEL = "-O";
				VALIDATE_PRODUCT = YES;
			};
			name = Release;
		};
		7F1AA9E12A4A1C110005A40E /* Debug */ = {
			isa = XCBuildConfiguration;
			buildSettings = {
				ASSETCATALOG_COMPILER_APPICON_NAME = AppIcon;
				ASSETCATALOG_COMPILER_GLOBAL_ACCENT_COLOR_NAME = AccentColor;
				CODE_SIGN_STYLE = Automatic;
				CURRENT_PROJECT_VERSION = 1;
				DEVELOPMENT_ASSET_PATHS = "\"Fetch-iOS Coding Challenge/Preview Content\"";
				ENABLE_PREVIEWS = YES;
				GENERATE_INFOPLIST_FILE = YES;
				INFOPLIST_KEY_UIApplicationSceneManifest_Generation = YES;
				INFOPLIST_KEY_UIApplicationSupportsIndirectInputEvents = YES;
				INFOPLIST_KEY_UILaunchScreen_Generation = YES;
				INFOPLIST_KEY_UISupportedInterfaceOrientations_iPad = "UIInterfaceOrientationPortrait UIInterfaceOrientationPortraitUpsideDown UIInterfaceOrientationLandscapeLeft UIInterfaceOrientationLandscapeRight";
				INFOPLIST_KEY_UISupportedInterfaceOrientations_iPhone = "UIInterfaceOrientationPortrait UIInterfaceOrientationLandscapeLeft UIInterfaceOrientationLandscapeRight";
				LD_RUNPATH_SEARCH_PATHS = (
					"$(inherited)",
					"@executable_path/Frameworks",
				);
				MARKETING_VERSION = 1.0;
				PRODUCT_BUNDLE_IDENTIFIER = "GarfieldMaitland.Fetch-iOS-Coding-Challenge";
				PRODUCT_NAME = "$(TARGET_NAME)";
				SWIFT_EMIT_LOC_STRINGS = YES;
				SWIFT_VERSION = 5.0;
				TARGETED_DEVICE_FAMILY = "1,2";
			};
			name = Debug;
		};
		7F1AA9E22A4A1C110005A40E /* Release */ = {
			isa = XCBuildConfiguration;
			buildSettings = {
				ASSETCATALOG_COMPILER_APPICON_NAME = AppIcon;
				ASSETCATALOG_COMPILER_GLOBAL_ACCENT_COLOR_NAME = AccentColor;
				CODE_SIGN_STYLE = Automatic;
				CURRENT_PROJECT_VERSION = 1;
				DEVELOPMENT_ASSET_PATHS = "\"Fetch-iOS Coding Challenge/Preview Content\"";
				ENABLE_PREVIEWS = YES;
				GENERATE_INFOPLIST_FILE = YES;
				INFOPLIST_KEY_UIApplicationSceneManifest_Generation = YES;
				INFOPLIST_KEY_UIApplicationSupportsIndirectInputEvents = YES;
				INFOPLIST_KEY_UILaunchScreen_Generation = YES;
				INFOPLIST_KEY_UISupportedInterfaceOrientations_iPad = "UIInterfaceOrientationPortrait UIInterfaceOrientationPortraitUpsideDown UIInterfaceOrientationLandscapeLeft UIInterfaceOrientationLandscapeRight";
				INFOPLIST_KEY_UISupportedInterfaceOrientations_iPhone = "UIInterfaceOrientationPortrait UIInterfaceOrientationLandscapeLeft UIInterfaceOrientationLandscapeRight";
				LD_RUNPATH_SEARCH_PATHS = (
					"$(inherited)",
					"@executable_path/Frameworks",
				);
				MARKETING_VERSION = 1.0;
				PRODUCT_BUNDLE_IDENTIFIER = "GarfieldMaitland.Fetch-iOS-Coding-Challenge";
				PRODUCT_NAME = "$(TARGET_NAME)";
				SWIFT_EMIT_LOC_STRINGS = YES;
				SWIFT_VERSION = 5.0;
				TARGETED_DEVICE_FAMILY = "1,2";
			};
			name = Release;
		};
		7F1AA9E42A4A1C110005A40E /* Debug */ = {
			isa = XCBuildConfiguration;
			buildSettings = {
				ALWAYS_EMBED_SWIFT_STANDARD_LIBRARIES = YES;
				BUNDLE_LOADER = "$(TEST_HOST)";
				CODE_SIGN_STYLE = Automatic;
				CURRENT_PROJECT_VERSION = 1;
				GENERATE_INFOPLIST_FILE = YES;
				IPHONEOS_DEPLOYMENT_TARGET = 16.2;
				MARKETING_VERSION = 1.0;
				PRODUCT_BUNDLE_IDENTIFIER = "GarfieldMaitland.Fetch-iOS-Coding-ChallengeTests";
				PRODUCT_NAME = "$(TARGET_NAME)";
				SWIFT_EMIT_LOC_STRINGS = NO;
				SWIFT_VERSION = 5.0;
				TARGETED_DEVICE_FAMILY = "1,2";
				TEST_HOST = "$(BUILT_PRODUCTS_DIR)/Fetch-iOS Coding Challenge.app/$(BUNDLE_EXECUTABLE_FOLDER_PATH)/Fetch-iOS Coding Challenge";
			};
			name = Debug;
		};
		7F1AA9E52A4A1C110005A40E /* Release */ = {
			isa = XCBuildConfiguration;
			buildSettings = {
				ALWAYS_EMBED_SWIFT_STANDARD_LIBRARIES = YES;
				BUNDLE_LOADER = "$(TEST_HOST)";
				CODE_SIGN_STYLE = Automatic;
				CURRENT_PROJECT_VERSION = 1;
				GENERATE_INFOPLIST_FILE = YES;
				IPHONEOS_DEPLOYMENT_TARGET = 16.2;
				MARKETING_VERSION = 1.0;
				PRODUCT_BUNDLE_IDENTIFIER = "GarfieldMaitland.Fetch-iOS-Coding-ChallengeTests";
				PRODUCT_NAME = "$(TARGET_NAME)";
				SWIFT_EMIT_LOC_STRINGS = NO;
				SWIFT_VERSION = 5.0;
				TARGETED_DEVICE_FAMILY = "1,2";
				TEST_HOST = "$(BUILT_PRODUCTS_DIR)/Fetch-iOS Coding Challenge.app/$(BUNDLE_EXECUTABLE_FOLDER_PATH)/Fetch-iOS Coding Challenge";
			};
			name = Release;
		};
		7F1AA9E72A4A1C110005A40E /* Debug */ = {
			isa = XCBuildConfiguration;
			buildSettings = {
				ALWAYS_EMBED_SWIFT_STANDARD_LIBRARIES = YES;
				CODE_SIGN_STYLE = Automatic;
				CURRENT_PROJECT_VERSION = 1;
				GENERATE_INFOPLIST_FILE = YES;
				MARKETING_VERSION = 1.0;
				PRODUCT_BUNDLE_IDENTIFIER = "GarfieldMaitland.Fetch-iOS-Coding-ChallengeUITests";
				PRODUCT_NAME = "$(TARGET_NAME)";
				SWIFT_EMIT_LOC_STRINGS = NO;
				SWIFT_VERSION = 5.0;
				TARGETED_DEVICE_FAMILY = "1,2";
				TEST_TARGET_NAME = "Fetch-iOS Coding Challenge";
			};
			name = Debug;
		};
		7F1AA9E82A4A1C110005A40E /* Release */ = {
			isa = XCBuildConfiguration;
			buildSettings = {
				ALWAYS_EMBED_SWIFT_STANDARD_LIBRARIES = YES;
				CODE_SIGN_STYLE = Automatic;
				CURRENT_PROJECT_VERSION = 1;
				GENERATE_INFOPLIST_FILE = YES;
				MARKETING_VERSION = 1.0;
				PRODUCT_BUNDLE_IDENTIFIER = "GarfieldMaitland.Fetch-iOS-Coding-ChallengeUITests";
				PRODUCT_NAME = "$(TARGET_NAME)";
				SWIFT_EMIT_LOC_STRINGS = NO;
				SWIFT_VERSION = 5.0;
				TARGETED_DEVICE_FAMILY = "1,2";
				TEST_TARGET_NAME = "Fetch-iOS Coding Challenge";
			};
			name = Release;
		};
/* End XCBuildConfiguration section */

/* Begin XCConfigurationList section */
		7F1AA9B72A4A1C0D0005A40E /* Build configuration list for PBXProject "Fetch-iOS Coding Challenge" */ = {
			isa = XCConfigurationList;
			buildConfigurations = (
				7F1AA9DE2A4A1C110005A40E /* Debug */,
				7F1AA9DF2A4A1C110005A40E /* Release */,
			);
			defaultConfigurationIsVisible = 0;
			defaultConfigurationName = Release;
		};
		7F1AA9E02A4A1C110005A40E /* Build configuration list for PBXNativeTarget "Fetch-iOS Coding Challenge" */ = {
			isa = XCConfigurationList;
			buildConfigurations = (
				7F1AA9E12A4A1C110005A40E /* Debug */,
				7F1AA9E22A4A1C110005A40E /* Release */,
			);
			defaultConfigurationIsVisible = 0;
			defaultConfigurationName = Release;
		};
		7F1AA9E32A4A1C110005A40E /* Build configuration list for PBXNativeTarget "Fetch-iOS Coding ChallengeTests" */ = {
			isa = XCConfigurationList;
			buildConfigurations = (
				7F1AA9E42A4A1C110005A40E /* Debug */,
				7F1AA9E52A4A1C110005A40E /* Release */,
			);
			defaultConfigurationIsVisible = 0;
			defaultConfigurationName = Release;
		};
		7F1AA9E62A4A1C110005A40E /* Build configuration list for PBXNativeTarget "Fetch-iOS Coding ChallengeUITests" */ = {
			isa = XCConfigurationList;
			buildConfigurations = (
				7F1AA9E72A4A1C110005A40E /* Debug */,
				7F1AA9E82A4A1C110005A40E /* Release */,
			);
			defaultConfigurationIsVisible = 0;
			defaultConfigurationName = Release;
		};
/* End XCConfigurationList section */
	};
	rootObject = 7F1AA9B42A4A1C0D0005A40E /* Project object */;
}
